{
  "nodes": {
    "nixpkgs": {
      "locked": {
        "lastModified": 1746615422,
        "narHash": "sha256-8BQmrA41Edjfcxlf3CnPRmsIPz+juuwkEvr4y2NkbjI=",
        "owner": "hoh",
        "repo": "nixpkgs",
        "rev": "292285990678a04b96a7d8707234fb40a3d430fa",
        "type": "github"
      },
      "original": {
        "owner": "hoh",
        "ref": "hoh-fix-spacy",
        "repo": "nixpkgs",
        "type": "github"
      }
    },
    "root": {
      "inputs": {
        "nixpkgs": "nixpkgs"
      }
    }
  },
  "root": "root",
  "version": 7
}
